
Microsoft Visual Studio Solution File, Format Version 12.00
# Visual Studio Version 17
VisualStudioVersion = 17.5.33502.453
MinimumVisualStudioVersion = 10.0.40219.1
Project("{FAE04EC0-301F-11D3-BF4B-00C04F79EFBC}") = "EstruturaRepetitiva-Enquanto", "EstruturaRepetitiva-Enquanto\EstruturaRepetitiva-Enquanto.csproj", "{689B331F-DFAB-407F-97CF-0739FA3CFC1A}"
EndProject
Global
	GlobalSection(SolutionConfigurationPlatforms) = preSolution
		Debug|Any CPU = Debug|Any CPU
		Release|Any CPU = Release|Any CPU
	EndGlobalSection
	GlobalSection(ProjectConfigurationPlatforms) = postSolution
		{689B331F-DFAB-407F-97CF-0739FA3CFC1A}.Debug|Any CPU.ActiveCfg = Debug|Any CPU
		{689B331F-DFAB-407F-97CF-0739FA3CFC1A}.Debug|Any CPU.Build.0 = Debug|Any CPU
		{689B331F-DFAB-407F-97CF-0739FA3CFC1A}.Release|Any CPU.ActiveCfg = Release|Any CPU
		{689B331F-DFAB-407F-97CF-0739FA3CFC1A}.Release|Any CPU.Build.0 = Release|Any CPU
	EndGlobalSection
	GlobalSection(SolutionProperties) = preSolution
		HideSolutionNode = FALSE
	EndGlobalSection
	GlobalSection(ExtensibilityGlobals) = postSolution
		SolutionGuid = {91AA3A63-3DE5-4391-B300-DFEAA703D1E8}
	EndGlobalSection
EndGlobal
