
Microsoft Visual Studio Solution File, Format Version 12.00
# Visual Studio Version 17
VisualStudioVersion = 17.5.33502.453
MinimumVisualStudioVersion = 10.0.40219.1
Project("{FAE04EC0-301F-11D3-BF4B-00C04F79EFBC}") = "Sobre Enums", "Sobre Enums\Sobre Enums.csproj", "{BEA39F1C-9088-49A7-8608-3945A47072DB}"
EndProject
Global
	GlobalSection(SolutionConfigurationPlatforms) = preSolution
		Debug|Any CPU = Debug|Any CPU
		Release|Any CPU = Release|Any CPU
	EndGlobalSection
	GlobalSection(ProjectConfigurationPlatforms) = postSolution
		{BEA39F1C-9088-49A7-8608-3945A47072DB}.Debug|Any CPU.ActiveCfg = Debug|Any CPU
		{BEA39F1C-9088-49A7-8608-3945A47072DB}.Debug|Any CPU.Build.0 = Debug|Any CPU
		{BEA39F1C-9088-49A7-8608-3945A47072DB}.Release|Any CPU.ActiveCfg = Release|Any CPU
		{BEA39F1C-9088-49A7-8608-3945A47072DB}.Release|Any CPU.Build.0 = Release|Any CPU
	EndGlobalSection
	GlobalSection(SolutionProperties) = preSolution
		HideSolutionNode = FALSE
	EndGlobalSection
	GlobalSection(ExtensibilityGlobals) = postSolution
		SolutionGuid = {2E4915A4-2734-4276-AB06-70CD4BFDE02F}
	EndGlobalSection
EndGlobal
