
Microsoft Visual Studio Solution File, Format Version 12.00
# Visual Studio Version 17
VisualStudioVersion = 17.5.33502.453
MinimumVisualStudioVersion = 10.0.40219.1
Project("{FAE04EC0-301F-11D3-BF4B-00C04F79EFBC}") = "Sobre_Try_Catch_SolucaoCorreta", "Sobre_Try_Catch_SolucaoCorreta\Sobre_Try_Catch_SolucaoCorreta.csproj", "{B9407264-C733-4A1D-9E3C-70CD9DBA722A}"
EndProject
Global
	GlobalSection(SolutionConfigurationPlatforms) = preSolution
		Debug|Any CPU = Debug|Any CPU
		Release|Any CPU = Release|Any CPU
	EndGlobalSection
	GlobalSection(ProjectConfigurationPlatforms) = postSolution
		{B9407264-C733-4A1D-9E3C-70CD9DBA722A}.Debug|Any CPU.ActiveCfg = Debug|Any CPU
		{B9407264-C733-4A1D-9E3C-70CD9DBA722A}.Debug|Any CPU.Build.0 = Debug|Any CPU
		{B9407264-C733-4A1D-9E3C-70CD9DBA722A}.Release|Any CPU.ActiveCfg = Release|Any CPU
		{B9407264-C733-4A1D-9E3C-70CD9DBA722A}.Release|Any CPU.Build.0 = Release|Any CPU
	EndGlobalSection
	GlobalSection(SolutionProperties) = preSolution
		HideSolutionNode = FALSE
	EndGlobalSection
	GlobalSection(ExtensibilityGlobals) = postSolution
		SolutionGuid = {0E643455-3A19-4DF8-BD94-112EBBDEB638}
	EndGlobalSection
EndGlobal
