
Microsoft Visual Studio Solution File, Format Version 12.00
# Visual Studio Version 17
VisualStudioVersion = 17.5.33502.453
MinimumVisualStudioVersion = 10.0.40219.1
Project("{FAE04EC0-301F-11D3-BF4B-00C04F79EFBC}") = "SobreHeranca", "SobreHeranca\SobreHeranca.csproj", "{9E321F33-492A-4534-9FDD-AB4D10746F1B}"
EndProject
Global
	GlobalSection(SolutionConfigurationPlatforms) = preSolution
		Debug|Any CPU = Debug|Any CPU
		Release|Any CPU = Release|Any CPU
	EndGlobalSection
	GlobalSection(ProjectConfigurationPlatforms) = postSolution
		{9E321F33-492A-4534-9FDD-AB4D10746F1B}.Debug|Any CPU.ActiveCfg = Debug|Any CPU
		{9E321F33-492A-4534-9FDD-AB4D10746F1B}.Debug|Any CPU.Build.0 = Debug|Any CPU
		{9E321F33-492A-4534-9FDD-AB4D10746F1B}.Release|Any CPU.ActiveCfg = Release|Any CPU
		{9E321F33-492A-4534-9FDD-AB4D10746F1B}.Release|Any CPU.Build.0 = Release|Any CPU
	EndGlobalSection
	GlobalSection(SolutionProperties) = preSolution
		HideSolutionNode = FALSE
	EndGlobalSection
	GlobalSection(ExtensibilityGlobals) = postSolution
		SolutionGuid = {98FDC075-11BB-421E-83BB-48766AE740C6}
	EndGlobalSection
EndGlobal
