
Microsoft Visual Studio Solution File, Format Version 12.00
# Visual Studio Version 17
VisualStudioVersion = 17.5.33502.453
MinimumVisualStudioVersion = 10.0.40219.1
Project("{FAE04EC0-301F-11D3-BF4B-00C04F79EFBC}") = "SobreDirectory_DirectoryInfo", "SobreDirectory_DirectoryInfo\SobreDirectory_DirectoryInfo.csproj", "{D61ECCDE-0644-4BB2-8A0C-F51240427C50}"
EndProject
Global
	GlobalSection(SolutionConfigurationPlatforms) = preSolution
		Debug|Any CPU = Debug|Any CPU
		Release|Any CPU = Release|Any CPU
	EndGlobalSection
	GlobalSection(ProjectConfigurationPlatforms) = postSolution
		{D61ECCDE-0644-4BB2-8A0C-F51240427C50}.Debug|Any CPU.ActiveCfg = Debug|Any CPU
		{D61ECCDE-0644-4BB2-8A0C-F51240427C50}.Debug|Any CPU.Build.0 = Debug|Any CPU
		{D61ECCDE-0644-4BB2-8A0C-F51240427C50}.Release|Any CPU.ActiveCfg = Release|Any CPU
		{D61ECCDE-0644-4BB2-8A0C-F51240427C50}.Release|Any CPU.Build.0 = Release|Any CPU
	EndGlobalSection
	GlobalSection(SolutionProperties) = preSolution
		HideSolutionNode = FALSE
	EndGlobalSection
	GlobalSection(ExtensibilityGlobals) = postSolution
		SolutionGuid = {28C10DDE-F3F7-409E-A61A-D795D60277B2}
	EndGlobalSection
EndGlobal
