
Microsoft Visual Studio Solution File, Format Version 12.00
# Visual Studio Version 17
VisualStudioVersion = 17.5.33502.453
MinimumVisualStudioVersion = 10.0.40219.1
Project("{FAE04EC0-301F-11D3-BF4B-00C04F79EFBC}") = "Sobre_Structs", "Sobre_Structs\Sobre_Structs.csproj", "{9733F441-8333-457D-956F-0AA04347E5E8}"
EndProject
Global
	GlobalSection(SolutionConfigurationPlatforms) = preSolution
		Debug|Any CPU = Debug|Any CPU
		Release|Any CPU = Release|Any CPU
	EndGlobalSection
	GlobalSection(ProjectConfigurationPlatforms) = postSolution
		{9733F441-8333-457D-956F-0AA04347E5E8}.Debug|Any CPU.ActiveCfg = Debug|Any CPU
		{9733F441-8333-457D-956F-0AA04347E5E8}.Debug|Any CPU.Build.0 = Debug|Any CPU
		{9733F441-8333-457D-956F-0AA04347E5E8}.Release|Any CPU.ActiveCfg = Release|Any CPU
		{9733F441-8333-457D-956F-0AA04347E5E8}.Release|Any CPU.Build.0 = Release|Any CPU
	EndGlobalSection
	GlobalSection(SolutionProperties) = preSolution
		HideSolutionNode = FALSE
	EndGlobalSection
	GlobalSection(ExtensibilityGlobals) = postSolution
		SolutionGuid = {CA7EC53F-095E-43CE-8F54-28D1BEA1EFB9}
	EndGlobalSection
EndGlobal
