
Microsoft Visual Studio Solution File, Format Version 12.00
# Visual Studio Version 17
VisualStudioVersion = 17.5.33502.453
MinimumVisualStudioVersion = 10.0.40219.1
Project("{FAE04EC0-301F-11D3-BF4B-00C04F79EFBC}") = "Sobre_VetoresPt2", "Sobre_VetoresPt2\Sobre_VetoresPt2.csproj", "{34F69D22-C32C-4209-8526-8A8443002EFD}"
EndProject
Global
	GlobalSection(SolutionConfigurationPlatforms) = preSolution
		Debug|Any CPU = Debug|Any CPU
		Release|Any CPU = Release|Any CPU
	EndGlobalSection
	GlobalSection(ProjectConfigurationPlatforms) = postSolution
		{34F69D22-C32C-4209-8526-8A8443002EFD}.Debug|Any CPU.ActiveCfg = Debug|Any CPU
		{34F69D22-C32C-4209-8526-8A8443002EFD}.Debug|Any CPU.Build.0 = Debug|Any CPU
		{34F69D22-C32C-4209-8526-8A8443002EFD}.Release|Any CPU.ActiveCfg = Release|Any CPU
		{34F69D22-C32C-4209-8526-8A8443002EFD}.Release|Any CPU.Build.0 = Release|Any CPU
	EndGlobalSection
	GlobalSection(SolutionProperties) = preSolution
		HideSolutionNode = FALSE
	EndGlobalSection
	GlobalSection(ExtensibilityGlobals) = postSolution
		SolutionGuid = {14F503A1-BE41-417F-8316-5D4033A2F009}
	EndGlobalSection
EndGlobal
