
Microsoft Visual Studio Solution File, Format Version 12.00
# Visual Studio Version 17
VisualStudioVersion = 17.5.33502.453
MinimumVisualStudioVersion = 10.0.40219.1
Project("{FAE04EC0-301F-11D3-BF4B-00C04F79EFBC}") = "Bloco_using", "Bloco_using\Bloco_using.csproj", "{F64E6569-0E08-4C6E-98B4-4321271A071A}"
EndProject
Global
	GlobalSection(SolutionConfigurationPlatforms) = preSolution
		Debug|Any CPU = Debug|Any CPU
		Release|Any CPU = Release|Any CPU
	EndGlobalSection
	GlobalSection(ProjectConfigurationPlatforms) = postSolution
		{F64E6569-0E08-4C6E-98B4-4321271A071A}.Debug|Any CPU.ActiveCfg = Debug|Any CPU
		{F64E6569-0E08-4C6E-98B4-4321271A071A}.Debug|Any CPU.Build.0 = Debug|Any CPU
		{F64E6569-0E08-4C6E-98B4-4321271A071A}.Release|Any CPU.ActiveCfg = Release|Any CPU
		{F64E6569-0E08-4C6E-98B4-4321271A071A}.Release|Any CPU.Build.0 = Release|Any CPU
	EndGlobalSection
	GlobalSection(SolutionProperties) = preSolution
		HideSolutionNode = FALSE
	EndGlobalSection
	GlobalSection(ExtensibilityGlobals) = postSolution
		SolutionGuid = {04AD85E2-EC78-49A1-9531-F1EB1581EE04}
	EndGlobalSection
EndGlobal
